
Microsoft Visual Studio Solution File, Format Version 12.00
# Visual Studio Version 17
VisualStudioVersion = 17.14.36301.6
MinimumVisualStudioVersion = 10.0.40219.1
Project("{FAE04EC0-301F-11D3-BF4B-00C04F79EFBC}") = "Resturants.Domain", "Resturants.Domain\Resturants.Domain.csproj", "{C0C6FEB8-0C47-44DF-BAF8-CF6A3334581D}"
EndProject
Project("{FAE04EC0-301F-11D3-BF4B-00C04F79EFBC}") = "Resturants.Application", "Resturants.Application\Resturants.Application.csproj", "{22039E29-9784-4B4B-85EE-80C83E68A69C}"
EndProject
Project("{FAE04EC0-301F-11D3-BF4B-00C04F79EFBC}") = "Restaurants.Application", "Restaurants.Application\Restaurants.Application.csproj", "{3C034EE8-39A0-1ED5-BA1A-E7E325F97464}"
EndProject
Global
	GlobalSection(SolutionConfigurationPlatforms) = preSolution
		Debug|Any CPU = Debug|Any CPU
		Release|Any CPU = Release|Any CPU
	EndGlobalSection
	GlobalSection(ProjectConfigurationPlatforms) = postSolution
		{C0C6FEB8-0C47-44DF-BAF8-CF6A3334581D}.Debug|Any CPU.ActiveCfg = Debug|Any CPU
		{C0C6FEB8-0C47-44DF-BAF8-CF6A3334581D}.Debug|Any CPU.Build.0 = Debug|Any CPU
		{C0C6FEB8-0C47-44DF-BAF8-CF6A3334581D}.Release|Any CPU.ActiveCfg = Release|Any CPU
		{C0C6FEB8-0C47-44DF-BAF8-CF6A3334581D}.Release|Any CPU.Build.0 = Release|Any CPU
		{22039E29-9784-4B4B-85EE-80C83E68A69C}.Debug|Any CPU.ActiveCfg = Debug|Any CPU
		{22039E29-9784-4B4B-85EE-80C83E68A69C}.Debug|Any CPU.Build.0 = Debug|Any CPU
		{22039E29-9784-4B4B-85EE-80C83E68A69C}.Release|Any CPU.ActiveCfg = Release|Any CPU
		{22039E29-9784-4B4B-85EE-80C83E68A69C}.Release|Any CPU.Build.0 = Release|Any CPU
		{3C034EE8-39A0-1ED5-BA1A-E7E325F97464}.Debug|Any CPU.ActiveCfg = Debug|Any CPU
		{3C034EE8-39A0-1ED5-BA1A-E7E325F97464}.Debug|Any CPU.Build.0 = Debug|Any CPU
		{3C034EE8-39A0-1ED5-BA1A-E7E325F97464}.Release|Any CPU.ActiveCfg = Release|Any CPU
		{3C034EE8-39A0-1ED5-BA1A-E7E325F97464}.Release|Any CPU.Build.0 = Release|Any CPU
	EndGlobalSection
	GlobalSection(SolutionProperties) = preSolution
		HideSolutionNode = FALSE
	EndGlobalSection
	GlobalSection(ExtensibilityGlobals) = postSolution
		SolutionGuid = {126350E7-69EC-42D0-8217-0938B4B9A26D}
	EndGlobalSection
EndGlobal
